
Microsoft Visual Studio Solution File, Format Version 12.00
# Visual Studio 2013
VisualStudioVersion = 12.0.40629.0
MinimumVisualStudioVersion = 10.0.40219.1
Project("{8BC9CEB8-8B4A-11D0-8D11-00A0C91BC942}") = "Engine", "Engine\Engine.vcxproj", "{56E2C751-A07C-49D7-9073-839A5D0A71D2}"
EndProject
Project("{8BC9CEB8-8B4A-11D0-8D11-00A0C91BC942}") = "CommonUtilities", "CommonUtilities\CommonUtilities.vcxproj", "{CF69D483-5BF1-4673-99E2-C04B953CA73C}"
EndProject
Project("{8BC9CEB8-8B4A-11D0-8D11-00A0C91BC942}") = "DL_Debug", "DL_Debug\DL_Debug.vcxproj", "{79D52050-1454-49C9-9186-AB74C959970E}"
EndProject
Project("{8BC9CEB8-8B4A-11D0-8D11-00A0C91BC942}") = "InputWrapper", "InputWrapper\InputWrapper.vcxproj", "{E6BD4153-64BE-4109-8D3C-724BAADAB8AF}"
EndProject
Project("{8BC9CEB8-8B4A-11D0-8D11-00A0C91BC942}") = "Timer", "Timer\Timer.vcxproj", "{62C9B6F1-E90E-49C7-B0C6-3809FCA2065D}"
EndProject
Project("{8BC9CEB8-8B4A-11D0-8D11-00A0C91BC942}") = "DLLExporter", "DLLExporter\DLLExporter.vcxproj", "{4A98CE31-948D-48D1-8DD8-F6828590FC65}"
EndProject
Project("{2150E333-8FDC-42A3-9474-1A3956D46DE8}") = "DLL", "DLL", "{A42B5024-35AC-485D-928D-CF64070FB66E}"
EndProject
Project("{2150E333-8FDC-42A3-9474-1A3956D46DE8}") = "Utilities", "Utilities", "{59FB0E8E-C46D-48B0-B034-9F356A16CC06}"
EndProject
Project("{2150E333-8FDC-42A3-9474-1A3956D46DE8}") = "Engines", "Engines", "{586C4FF3-6E8D-44BD-A39C-C042BDD2E0E4}"
EndProject
Project("{FAE04EC0-301F-11D3-BF4B-00C04F79EFBC}") = "CSharpUtilities", "CSharpUtilities\CSharpUtilities\CSharpUtilities.csproj", "{DF366F29-87C1-45D6-8E1D-412E731633C9}"
EndProject
Project("{FAE04EC0-301F-11D3-BF4B-00C04F79EFBC}") = "ModelViewer", "ModelViewer\ModelViewer\ModelViewer.csproj", "{ADA5C709-5E39-4089-A0C7-E33A61BDC736}"
EndProject
Global
	GlobalSection(SolutionConfigurationPlatforms) = preSolution
		DataExporter|Any CPU = DataExporter|Any CPU
		DataExporter|Mixed Platforms = DataExporter|Mixed Platforms
		DataExporter|Win32 = DataExporter|Win32
		Debug|Any CPU = Debug|Any CPU
		Debug|Mixed Platforms = Debug|Mixed Platforms
		Debug|Win32 = Debug|Win32
		DLL_Release|Any CPU = DLL_Release|Any CPU
		DLL_Release|Mixed Platforms = DLL_Release|Mixed Platforms
		DLL_Release|Win32 = DLL_Release|Win32
		Internal|Any CPU = Internal|Any CPU
		Internal|Mixed Platforms = Internal|Mixed Platforms
		Internal|Win32 = Internal|Win32
		Release|Any CPU = Release|Any CPU
		Release|Mixed Platforms = Release|Mixed Platforms
		Release|Win32 = Release|Win32
	EndGlobalSection
	GlobalSection(ProjectConfigurationPlatforms) = postSolution
		{56E2C751-A07C-49D7-9073-839A5D0A71D2}.DataExporter|Any CPU.ActiveCfg = DataExporter|Win32
		{56E2C751-A07C-49D7-9073-839A5D0A71D2}.DataExporter|Mixed Platforms.ActiveCfg = Release|Win32
		{56E2C751-A07C-49D7-9073-839A5D0A71D2}.DataExporter|Mixed Platforms.Build.0 = Release|Win32
		{56E2C751-A07C-49D7-9073-839A5D0A71D2}.DataExporter|Win32.ActiveCfg = DataExporter|Win32
		{56E2C751-A07C-49D7-9073-839A5D0A71D2}.DataExporter|Win32.Build.0 = DataExporter|Win32
		{56E2C751-A07C-49D7-9073-839A5D0A71D2}.Debug|Any CPU.ActiveCfg = Debug|Win32
		{56E2C751-A07C-49D7-9073-839A5D0A71D2}.Debug|Mixed Platforms.ActiveCfg = Debug|Win32
		{56E2C751-A07C-49D7-9073-839A5D0A71D2}.Debug|Mixed Platforms.Build.0 = Debug|Win32
		{56E2C751-A07C-49D7-9073-839A5D0A71D2}.Debug|Win32.ActiveCfg = Debug|Win32
		{56E2C751-A07C-49D7-9073-839A5D0A71D2}.Debug|Win32.Build.0 = Debug|Win32
		{56E2C751-A07C-49D7-9073-839A5D0A71D2}.DLL_Release|Any CPU.ActiveCfg = DLL_Release|Win32
		{56E2C751-A07C-49D7-9073-839A5D0A71D2}.DLL_Release|Mixed Platforms.ActiveCfg = DLL_Release|Win32
		{56E2C751-A07C-49D7-9073-839A5D0A71D2}.DLL_Release|Mixed Platforms.Build.0 = DLL_Release|Win32
		{56E2C751-A07C-49D7-9073-839A5D0A71D2}.DLL_Release|Win32.ActiveCfg = DLL_Release|Win32
		{56E2C751-A07C-49D7-9073-839A5D0A71D2}.DLL_Release|Win32.Build.0 = DLL_Release|Win32
		{56E2C751-A07C-49D7-9073-839A5D0A71D2}.Internal|Any CPU.ActiveCfg = Internal|Win32
		{56E2C751-A07C-49D7-9073-839A5D0A71D2}.Internal|Mixed Platforms.ActiveCfg = Internal|Win32
		{56E2C751-A07C-49D7-9073-839A5D0A71D2}.Internal|Mixed Platforms.Build.0 = Internal|Win32
		{56E2C751-A07C-49D7-9073-839A5D0A71D2}.Internal|Win32.ActiveCfg = Internal|Win32
		{56E2C751-A07C-49D7-9073-839A5D0A71D2}.Internal|Win32.Build.0 = Internal|Win32
		{56E2C751-A07C-49D7-9073-839A5D0A71D2}.Release|Any CPU.ActiveCfg = Release|Win32
		{56E2C751-A07C-49D7-9073-839A5D0A71D2}.Release|Mixed Platforms.ActiveCfg = Release|Win32
		{56E2C751-A07C-49D7-9073-839A5D0A71D2}.Release|Mixed Platforms.Build.0 = Release|Win32
		{56E2C751-A07C-49D7-9073-839A5D0A71D2}.Release|Win32.ActiveCfg = Release|Win32
		{56E2C751-A07C-49D7-9073-839A5D0A71D2}.Release|Win32.Build.0 = Release|Win32
		{CF69D483-5BF1-4673-99E2-C04B953CA73C}.DataExporter|Any CPU.ActiveCfg = DataExporter|Win32
		{CF69D483-5BF1-4673-99E2-C04B953CA73C}.DataExporter|Mixed Platforms.ActiveCfg = Release|Win32
		{CF69D483-5BF1-4673-99E2-C04B953CA73C}.DataExporter|Mixed Platforms.Build.0 = Release|Win32
		{CF69D483-5BF1-4673-99E2-C04B953CA73C}.DataExporter|Win32.ActiveCfg = DataExporter|Win32
		{CF69D483-5BF1-4673-99E2-C04B953CA73C}.DataExporter|Win32.Build.0 = DataExporter|Win32
		{CF69D483-5BF1-4673-99E2-C04B953CA73C}.Debug|Any CPU.ActiveCfg = Debug|Win32
		{CF69D483-5BF1-4673-99E2-C04B953CA73C}.Debug|Mixed Platforms.ActiveCfg = Debug|Win32
		{CF69D483-5BF1-4673-99E2-C04B953CA73C}.Debug|Mixed Platforms.Build.0 = Debug|Win32
		{CF69D483-5BF1-4673-99E2-C04B953CA73C}.Debug|Win32.ActiveCfg = Debug|Win32
		{CF69D483-5BF1-4673-99E2-C04B953CA73C}.Debug|Win32.Build.0 = Debug|Win32
		{CF69D483-5BF1-4673-99E2-C04B953CA73C}.DLL_Release|Any CPU.ActiveCfg = DLL_Release|Win32
		{CF69D483-5BF1-4673-99E2-C04B953CA73C}.DLL_Release|Mixed Platforms.ActiveCfg = DLL_Release|Win32
		{CF69D483-5BF1-4673-99E2-C04B953CA73C}.DLL_Release|Mixed Platforms.Build.0 = DLL_Release|Win32
		{CF69D483-5BF1-4673-99E2-C04B953CA73C}.DLL_Release|Win32.ActiveCfg = DLL_Release|Win32
		{CF69D483-5BF1-4673-99E2-C04B953CA73C}.DLL_Release|Win32.Build.0 = DLL_Release|Win32
		{CF69D483-5BF1-4673-99E2-C04B953CA73C}.Internal|Any CPU.ActiveCfg = Internal|Win32
		{CF69D483-5BF1-4673-99E2-C04B953CA73C}.Internal|Mixed Platforms.ActiveCfg = Internal|Win32
		{CF69D483-5BF1-4673-99E2-C04B953CA73C}.Internal|Mixed Platforms.Build.0 = Internal|Win32
		{CF69D483-5BF1-4673-99E2-C04B953CA73C}.Internal|Win32.ActiveCfg = Internal|Win32
		{CF69D483-5BF1-4673-99E2-C04B953CA73C}.Internal|Win32.Build.0 = Internal|Win32
		{CF69D483-5BF1-4673-99E2-C04B953CA73C}.Release|Any CPU.ActiveCfg = Release|Win32
		{CF69D483-5BF1-4673-99E2-C04B953CA73C}.Release|Mixed Platforms.ActiveCfg = Release|Win32
		{CF69D483-5BF1-4673-99E2-C04B953CA73C}.Release|Mixed Platforms.Build.0 = Release|Win32
		{CF69D483-5BF1-4673-99E2-C04B953CA73C}.Release|Win32.ActiveCfg = Release|Win32
		{CF69D483-5BF1-4673-99E2-C04B953CA73C}.Release|Win32.Build.0 = Release|Win32
		{79D52050-1454-49C9-9186-AB74C959970E}.DataExporter|Any CPU.ActiveCfg = DataExporter|Win32
		{79D52050-1454-49C9-9186-AB74C959970E}.DataExporter|Mixed Platforms.ActiveCfg = Internal|Win32
		{79D52050-1454-49C9-9186-AB74C959970E}.DataExporter|Mixed Platforms.Build.0 = Internal|Win32
		{79D52050-1454-49C9-9186-AB74C959970E}.DataExporter|Win32.ActiveCfg = DataExporter|Win32
		{79D52050-1454-49C9-9186-AB74C959970E}.DataExporter|Win32.Build.0 = DataExporter|Win32
		{79D52050-1454-49C9-9186-AB74C959970E}.Debug|Any CPU.ActiveCfg = Debug|Win32
		{79D52050-1454-49C9-9186-AB74C959970E}.Debug|Mixed Platforms.ActiveCfg = Debug|Win32
		{79D52050-1454-49C9-9186-AB74C959970E}.Debug|Mixed Platforms.Build.0 = Debug|Win32
		{79D52050-1454-49C9-9186-AB74C959970E}.Debug|Win32.ActiveCfg = Debug|Win32
		{79D52050-1454-49C9-9186-AB74C959970E}.Debug|Win32.Build.0 = Debug|Win32
		{79D52050-1454-49C9-9186-AB74C959970E}.DLL_Release|Any CPU.ActiveCfg = DLL_Release|Win32
		{79D52050-1454-49C9-9186-AB74C959970E}.DLL_Release|Mixed Platforms.ActiveCfg = DLL_Release|Win32
		{79D52050-1454-49C9-9186-AB74C959970E}.DLL_Release|Mixed Platforms.Build.0 = DLL_Release|Win32
		{79D52050-1454-49C9-9186-AB74C959970E}.DLL_Release|Win32.ActiveCfg = DLL_Release|Win32
		{79D52050-1454-49C9-9186-AB74C959970E}.DLL_Release|Win32.Build.0 = DLL_Release|Win32
		{79D52050-1454-49C9-9186-AB74C959970E}.Internal|Any CPU.ActiveCfg = Internal|Win32
		{79D52050-1454-49C9-9186-AB74C959970E}.Internal|Mixed Platforms.ActiveCfg = Internal|Win32
		{79D52050-1454-49C9-9186-AB74C959970E}.Internal|Mixed Platforms.Build.0 = Internal|Win32
		{79D52050-1454-49C9-9186-AB74C959970E}.Internal|Win32.ActiveCfg = Internal|Win32
		{79D52050-1454-49C9-9186-AB74C959970E}.Internal|Win32.Build.0 = Internal|Win32
		{79D52050-1454-49C9-9186-AB74C959970E}.Release|Any CPU.ActiveCfg = Release|Win32
		{79D52050-1454-49C9-9186-AB74C959970E}.Release|Mixed Platforms.ActiveCfg = Release|Win32
		{79D52050-1454-49C9-9186-AB74C959970E}.Release|Mixed Platforms.Build.0 = Release|Win32
		{79D52050-1454-49C9-9186-AB74C959970E}.Release|Win32.ActiveCfg = Release|Win32
		{79D52050-1454-49C9-9186-AB74C959970E}.Release|Win32.Build.0 = Release|Win32
		{E6BD4153-64BE-4109-8D3C-724BAADAB8AF}.DataExporter|Any CPU.ActiveCfg = DataExporter|Win32
		{E6BD4153-64BE-4109-8D3C-724BAADAB8AF}.DataExporter|Mixed Platforms.ActiveCfg = DataExporter|Win32
		{E6BD4153-64BE-4109-8D3C-724BAADAB8AF}.DataExporter|Win32.ActiveCfg = DataExporter|Win32
		{E6BD4153-64BE-4109-8D3C-724BAADAB8AF}.DataExporter|Win32.Build.0 = DataExporter|Win32
		{E6BD4153-64BE-4109-8D3C-724BAADAB8AF}.Debug|Any CPU.ActiveCfg = Debug|Win32
		{E6BD4153-64BE-4109-8D3C-724BAADAB8AF}.Debug|Mixed Platforms.ActiveCfg = Debug|Win32
		{E6BD4153-64BE-4109-8D3C-724BAADAB8AF}.Debug|Mixed Platforms.Build.0 = Debug|Win32
		{E6BD4153-64BE-4109-8D3C-724BAADAB8AF}.Debug|Win32.ActiveCfg = Debug|Win32
		{E6BD4153-64BE-4109-8D3C-724BAADAB8AF}.Debug|Win32.Build.0 = Debug|Win32
		{E6BD4153-64BE-4109-8D3C-724BAADAB8AF}.DLL_Release|Any CPU.ActiveCfg = DLL_Release|Win32
		{E6BD4153-64BE-4109-8D3C-724BAADAB8AF}.DLL_Release|Mixed Platforms.ActiveCfg = DLL_Release|Win32
		{E6BD4153-64BE-4109-8D3C-724BAADAB8AF}.DLL_Release|Mixed Platforms.Build.0 = DLL_Release|Win32
		{E6BD4153-64BE-4109-8D3C-724BAADAB8AF}.DLL_Release|Win32.ActiveCfg = DLL_Release|Win32
		{E6BD4153-64BE-4109-8D3C-724BAADAB8AF}.DLL_Release|Win32.Build.0 = DLL_Release|Win32
		{E6BD4153-64BE-4109-8D3C-724BAADAB8AF}.Internal|Any CPU.ActiveCfg = Internal|Win32
		{E6BD4153-64BE-4109-8D3C-724BAADAB8AF}.Internal|Mixed Platforms.ActiveCfg = Internal|Win32
		{E6BD4153-64BE-4109-8D3C-724BAADAB8AF}.Internal|Mixed Platforms.Build.0 = Internal|Win32
		{E6BD4153-64BE-4109-8D3C-724BAADAB8AF}.Internal|Win32.ActiveCfg = Internal|Win32
		{E6BD4153-64BE-4109-8D3C-724BAADAB8AF}.Internal|Win32.Build.0 = Internal|Win32
		{E6BD4153-64BE-4109-8D3C-724BAADAB8AF}.Release|Any CPU.ActiveCfg = Release|Win32
		{E6BD4153-64BE-4109-8D3C-724BAADAB8AF}.Release|Mixed Platforms.ActiveCfg = Release|Win32
		{E6BD4153-64BE-4109-8D3C-724BAADAB8AF}.Release|Mixed Platforms.Build.0 = Release|Win32
		{E6BD4153-64BE-4109-8D3C-724BAADAB8AF}.Release|Win32.ActiveCfg = Release|Win32
		{E6BD4153-64BE-4109-8D3C-724BAADAB8AF}.Release|Win32.Build.0 = Release|Win32
		{62C9B6F1-E90E-49C7-B0C6-3809FCA2065D}.DataExporter|Any CPU.ActiveCfg = DataExporter|Win32
		{62C9B6F1-E90E-49C7-B0C6-3809FCA2065D}.DataExporter|Mixed Platforms.ActiveCfg = Release|Win32
		{62C9B6F1-E90E-49C7-B0C6-3809FCA2065D}.DataExporter|Mixed Platforms.Build.0 = Release|Win32
		{62C9B6F1-E90E-49C7-B0C6-3809FCA2065D}.DataExporter|Win32.ActiveCfg = DataExporter|Win32
		{62C9B6F1-E90E-49C7-B0C6-3809FCA2065D}.DataExporter|Win32.Build.0 = DataExporter|Win32
		{62C9B6F1-E90E-49C7-B0C6-3809FCA2065D}.Debug|Any CPU.ActiveCfg = Debug|Win32
		{62C9B6F1-E90E-49C7-B0C6-3809FCA2065D}.Debug|Mixed Platforms.ActiveCfg = Debug|Win32
		{62C9B6F1-E90E-49C7-B0C6-3809FCA2065D}.Debug|Mixed Platforms.Build.0 = Debug|Win32
		{62C9B6F1-E90E-49C7-B0C6-3809FCA2065D}.Debug|Win32.ActiveCfg = Debug|Win32
		{62C9B6F1-E90E-49C7-B0C6-3809FCA2065D}.Debug|Win32.Build.0 = Debug|Win32
		{62C9B6F1-E90E-49C7-B0C6-3809FCA2065D}.DLL_Release|Any CPU.ActiveCfg = DLL_Release|Win32
		{62C9B6F1-E90E-49C7-B0C6-3809FCA2065D}.DLL_Release|Mixed Platforms.ActiveCfg = DLL_Release|Win32
		{62C9B6F1-E90E-49C7-B0C6-3809FCA2065D}.DLL_Release|Mixed Platforms.Build.0 = DLL_Release|Win32
		{62C9B6F1-E90E-49C7-B0C6-3809FCA2065D}.DLL_Release|Win32.ActiveCfg = DLL_Release|Win32
		{62C9B6F1-E90E-49C7-B0C6-3809FCA2065D}.DLL_Release|Win32.Build.0 = DLL_Release|Win32
		{62C9B6F1-E90E-49C7-B0C6-3809FCA2065D}.Internal|Any CPU.ActiveCfg = Internal|Win32
		{62C9B6F1-E90E-49C7-B0C6-3809FCA2065D}.Internal|Mixed Platforms.ActiveCfg = Internal|Win32
		{62C9B6F1-E90E-49C7-B0C6-3809FCA2065D}.Internal|Mixed Platforms.Build.0 = Internal|Win32
		{62C9B6F1-E90E-49C7-B0C6-3809FCA2065D}.Internal|Win32.ActiveCfg = Internal|Win32
		{62C9B6F1-E90E-49C7-B0C6-3809FCA2065D}.Internal|Win32.Build.0 = Internal|Win32
		{62C9B6F1-E90E-49C7-B0C6-3809FCA2065D}.Release|Any CPU.ActiveCfg = Release|Win32
		{62C9B6F1-E90E-49C7-B0C6-3809FCA2065D}.Release|Mixed Platforms.ActiveCfg = Release|Win32
		{62C9B6F1-E90E-49C7-B0C6-3809FCA2065D}.Release|Mixed Platforms.Build.0 = Release|Win32
		{62C9B6F1-E90E-49C7-B0C6-3809FCA2065D}.Release|Win32.ActiveCfg = Release|Win32
		{62C9B6F1-E90E-49C7-B0C6-3809FCA2065D}.Release|Win32.Build.0 = Release|Win32
		{4A98CE31-948D-48D1-8DD8-F6828590FC65}.DataExporter|Any CPU.ActiveCfg = DataExporter|Win32
		{4A98CE31-948D-48D1-8DD8-F6828590FC65}.DataExporter|Mixed Platforms.ActiveCfg = DataExporter|Win32
		{4A98CE31-948D-48D1-8DD8-F6828590FC65}.DataExporter|Win32.ActiveCfg = DataExporter|Win32
		{4A98CE31-948D-48D1-8DD8-F6828590FC65}.Debug|Any CPU.ActiveCfg = Debug|Win32
		{4A98CE31-948D-48D1-8DD8-F6828590FC65}.Debug|Mixed Platforms.ActiveCfg = Debug|Win32
		{4A98CE31-948D-48D1-8DD8-F6828590FC65}.Debug|Win32.ActiveCfg = Debug|Win32
		{4A98CE31-948D-48D1-8DD8-F6828590FC65}.Debug|Win32.Build.0 = Debug|Win32
		{4A98CE31-948D-48D1-8DD8-F6828590FC65}.DLL_Release|Any CPU.ActiveCfg = DLL_Release|Win32
		{4A98CE31-948D-48D1-8DD8-F6828590FC65}.DLL_Release|Mixed Platforms.ActiveCfg = DLL_Release|Win32
		{4A98CE31-948D-48D1-8DD8-F6828590FC65}.DLL_Release|Mixed Platforms.Build.0 = DLL_Release|Win32
		{4A98CE31-948D-48D1-8DD8-F6828590FC65}.DLL_Release|Win32.ActiveCfg = DLL_Release|Win32
		{4A98CE31-948D-48D1-8DD8-F6828590FC65}.Internal|Any CPU.ActiveCfg = Internal|Win32
		{4A98CE31-948D-48D1-8DD8-F6828590FC65}.Internal|Mixed Platforms.ActiveCfg = Internal|Win32
		{4A98CE31-948D-48D1-8DD8-F6828590FC65}.Internal|Win32.ActiveCfg = Internal|Win32
		{4A98CE31-948D-48D1-8DD8-F6828590FC65}.Release|Any CPU.ActiveCfg = Release|Win32
		{4A98CE31-948D-48D1-8DD8-F6828590FC65}.Release|Mixed Platforms.ActiveCfg = Release|Win32
		{4A98CE31-948D-48D1-8DD8-F6828590FC65}.Release|Win32.ActiveCfg = Release|Win32
		{4A98CE31-948D-48D1-8DD8-F6828590FC65}.Release|Win32.Build.0 = Release|Win32
		{DF366F29-87C1-45D6-8E1D-412E731633C9}.DataExporter|Any CPU.ActiveCfg = Debug|Any CPU
		{DF366F29-87C1-45D6-8E1D-412E731633C9}.DataExporter|Any CPU.Build.0 = Debug|Any CPU
		{DF366F29-87C1-45D6-8E1D-412E731633C9}.DataExporter|Mixed Platforms.ActiveCfg = Debug|Any CPU
		{DF366F29-87C1-45D6-8E1D-412E731633C9}.DataExporter|Mixed Platforms.Build.0 = Debug|Any CPU
		{DF366F29-87C1-45D6-8E1D-412E731633C9}.DataExporter|Win32.ActiveCfg = Debug|Any CPU
		{DF366F29-87C1-45D6-8E1D-412E731633C9}.Debug|Any CPU.ActiveCfg = Debug|Any CPU
		{DF366F29-87C1-45D6-8E1D-412E731633C9}.Debug|Any CPU.Build.0 = Debug|Any CPU
		{DF366F29-87C1-45D6-8E1D-412E731633C9}.Debug|Mixed Platforms.ActiveCfg = Debug|Any CPU
		{DF366F29-87C1-45D6-8E1D-412E731633C9}.Debug|Mixed Platforms.Build.0 = Debug|Any CPU
		{DF366F29-87C1-45D6-8E1D-412E731633C9}.Debug|Win32.ActiveCfg = Debug|Any CPU
		{DF366F29-87C1-45D6-8E1D-412E731633C9}.DLL_Release|Any CPU.ActiveCfg = Release|Any CPU
		{DF366F29-87C1-45D6-8E1D-412E731633C9}.DLL_Release|Any CPU.Build.0 = Release|Any CPU
		{DF366F29-87C1-45D6-8E1D-412E731633C9}.DLL_Release|Mixed Platforms.ActiveCfg = Release|Any CPU
		{DF366F29-87C1-45D6-8E1D-412E731633C9}.DLL_Release|Mixed Platforms.Build.0 = Release|Any CPU
		{DF366F29-87C1-45D6-8E1D-412E731633C9}.DLL_Release|Win32.ActiveCfg = Release|Any CPU
		{DF366F29-87C1-45D6-8E1D-412E731633C9}.Internal|Any CPU.ActiveCfg = Release|Any CPU
		{DF366F29-87C1-45D6-8E1D-412E731633C9}.Internal|Any CPU.Build.0 = Release|Any CPU
		{DF366F29-87C1-45D6-8E1D-412E731633C9}.Internal|Mixed Platforms.ActiveCfg = Release|Any CPU
		{DF366F29-87C1-45D6-8E1D-412E731633C9}.Internal|Mixed Platforms.Build.0 = Release|Any CPU
		{DF366F29-87C1-45D6-8E1D-412E731633C9}.Internal|Win32.ActiveCfg = Release|Any CPU
		{DF366F29-87C1-45D6-8E1D-412E731633C9}.Release|Any CPU.ActiveCfg = Release|Any CPU
		{DF366F29-87C1-45D6-8E1D-412E731633C9}.Release|Any CPU.Build.0 = Release|Any CPU
		{DF366F29-87C1-45D6-8E1D-412E731633C9}.Release|Mixed Platforms.ActiveCfg = Release|Any CPU
		{DF366F29-87C1-45D6-8E1D-412E731633C9}.Release|Mixed Platforms.Build.0 = Release|Any CPU
		{DF366F29-87C1-45D6-8E1D-412E731633C9}.Release|Win32.ActiveCfg = Release|Any CPU
		{ADA5C709-5E39-4089-A0C7-E33A61BDC736}.DataExporter|Any CPU.ActiveCfg = Debug|Any CPU
		{ADA5C709-5E39-4089-A0C7-E33A61BDC736}.DataExporter|Any CPU.Build.0 = Debug|Any CPU
		{ADA5C709-5E39-4089-A0C7-E33A61BDC736}.DataExporter|Mixed Platforms.ActiveCfg = Debug|Any CPU
		{ADA5C709-5E39-4089-A0C7-E33A61BDC736}.DataExporter|Mixed Platforms.Build.0 = Debug|Any CPU
		{ADA5C709-5E39-4089-A0C7-E33A61BDC736}.DataExporter|Win32.ActiveCfg = Debug|Any CPU
		{ADA5C709-5E39-4089-A0C7-E33A61BDC736}.Debug|Any CPU.ActiveCfg = Debug|Any CPU
		{ADA5C709-5E39-4089-A0C7-E33A61BDC736}.Debug|Any CPU.Build.0 = Debug|Any CPU
		{ADA5C709-5E39-4089-A0C7-E33A61BDC736}.Debug|Mixed Platforms.ActiveCfg = Debug|Any CPU
		{ADA5C709-5E39-4089-A0C7-E33A61BDC736}.Debug|Mixed Platforms.Build.0 = Debug|Any CPU
		{ADA5C709-5E39-4089-A0C7-E33A61BDC736}.Debug|Win32.ActiveCfg = Debug|Any CPU
		{ADA5C709-5E39-4089-A0C7-E33A61BDC736}.DLL_Release|Any CPU.ActiveCfg = Release|Any CPU
		{ADA5C709-5E39-4089-A0C7-E33A61BDC736}.DLL_Release|Any CPU.Build.0 = Release|Any CPU
		{ADA5C709-5E39-4089-A0C7-E33A61BDC736}.DLL_Release|Mixed Platforms.ActiveCfg = Release|Any CPU
		{ADA5C709-5E39-4089-A0C7-E33A61BDC736}.DLL_Release|Mixed Platforms.Build.0 = Release|Any CPU
		{ADA5C709-5E39-4089-A0C7-E33A61BDC736}.DLL_Release|Win32.ActiveCfg = Release|Any CPU
		{ADA5C709-5E39-4089-A0C7-E33A61BDC736}.Internal|Any CPU.ActiveCfg = Release|Any CPU
		{ADA5C709-5E39-4089-A0C7-E33A61BDC736}.Internal|Any CPU.Build.0 = Release|Any CPU
		{ADA5C709-5E39-4089-A0C7-E33A61BDC736}.Internal|Mixed Platforms.ActiveCfg = Release|Any CPU
		{ADA5C709-5E39-4089-A0C7-E33A61BDC736}.Internal|Mixed Platforms.Build.0 = Release|Any CPU
		{ADA5C709-5E39-4089-A0C7-E33A61BDC736}.Internal|Win32.ActiveCfg = Release|Any CPU
		{ADA5C709-5E39-4089-A0C7-E33A61BDC736}.Release|Any CPU.ActiveCfg = Release|Any CPU
		{ADA5C709-5E39-4089-A0C7-E33A61BDC736}.Release|Any CPU.Build.0 = Release|Any CPU
		{ADA5C709-5E39-4089-A0C7-E33A61BDC736}.Release|Mixed Platforms.ActiveCfg = Release|Any CPU
		{ADA5C709-5E39-4089-A0C7-E33A61BDC736}.Release|Mixed Platforms.Build.0 = Release|Any CPU
		{ADA5C709-5E39-4089-A0C7-E33A61BDC736}.Release|Win32.ActiveCfg = Release|Any CPU
	EndGlobalSection
	GlobalSection(SolutionProperties) = preSolution
		HideSolutionNode = FALSE
	EndGlobalSection
	GlobalSection(NestedProjects) = preSolution
		{56E2C751-A07C-49D7-9073-839A5D0A71D2} = {586C4FF3-6E8D-44BD-A39C-C042BDD2E0E4}
		{CF69D483-5BF1-4673-99E2-C04B953CA73C} = {59FB0E8E-C46D-48B0-B034-9F356A16CC06}
		{79D52050-1454-49C9-9186-AB74C959970E} = {59FB0E8E-C46D-48B0-B034-9F356A16CC06}
		{E6BD4153-64BE-4109-8D3C-724BAADAB8AF} = {59FB0E8E-C46D-48B0-B034-9F356A16CC06}
		{62C9B6F1-E90E-49C7-B0C6-3809FCA2065D} = {59FB0E8E-C46D-48B0-B034-9F356A16CC06}
		{4A98CE31-948D-48D1-8DD8-F6828590FC65} = {A42B5024-35AC-485D-928D-CF64070FB66E}
		{DF366F29-87C1-45D6-8E1D-412E731633C9} = {59FB0E8E-C46D-48B0-B034-9F356A16CC06}
	EndGlobalSection
EndGlobal
